<?xml version="1.0" encoding="UTF-8" standalone="yes" ?>
<CodeBlocks_project_file>
	<FileVersion major="1" minor="6" />
	<Project>
		<Option title="Sump Pit Sensor Codeblocks Project" />
		<Option pch_mode="2" />
		<Option compiler="gcc" />
		<Build>
			<Target title="Debug">
				<Option output="bin/Debug/Sump Pit Sensor Codeblocks Project" prefix_auto="1" extension_auto="1" />
				<Option object_output="obj/Debug/" />
				<Option type="1" />
				<Option compiler="gcc" />
				<Compiler>
					<Add option="-g" />
					<Add directory="sumpit/src/main/cpp" />
					<Add directory="sumpit_test/include" />
					<Add directory="include" />
				</Compiler>
			</Target>
		</Build>
		<Compiler>
			<Add option="-Wall" />
		</Compiler>
		<Unit filename="../sumpit/src/main/cpp/button.cpp" />
		<Unit filename="../sumpit/src/main/cpp/button.h" />
		<Unit filename="../sumpit/src/main/cpp/buzzer.cpp" />
		<Unit filename="../sumpit/src/main/cpp/buzzer.h" />
		<Unit filename="../sumpit/src/main/cpp/display.cpp" />
		<Unit filename="../sumpit/src/main/cpp/display.h" />
		<Unit filename="../sumpit/src/main/cpp/leaksensor.cpp" />
		<Unit filename="../sumpit/src/main/cpp/leaksensor.h" />
		<Unit filename="../sumpit/src/main/cpp/led.cpp" />
		<Unit filename="../sumpit/src/main/cpp/led.h" />
		<Unit filename="../sumpit/src/main/cpp/multipump.cpp" />
		<Unit filename="../sumpit/src/main/cpp/multipump.h" />
		<Unit filename="../sumpit/src/main/cpp/multiwatersensor.cpp" />
		<Unit filename="../sumpit/src/main/cpp/multiwatersensor.h" />
		<Unit filename="../sumpit/src/main/cpp/onbuttonpresslistener.cpp" />
		<Unit filename="../sumpit/src/main/cpp/onbuttonpresslistener.h" />
		<Unit filename="../sumpit/src/main/cpp/pump.cpp" />
		<Unit filename="../sumpit/src/main/cpp/pump.h" />
		<Unit filename="../sumpit/src/main/cpp/rpmsensor.cpp" />
		<Unit filename="../sumpit/src/main/cpp/rpmsensor.h" />
		<Unit filename="../sumpit/src/main/cpp/siren.cpp" />
		<Unit filename="../sumpit/src/main/cpp/siren.h" />
		<Unit filename="../sumpit/src/main/cpp/spn_config.cpp" />
		<Unit filename="../sumpit/src/main/cpp/spnsystem.cpp" />
		<Unit filename="../sumpit/src/main/cpp/spnsystem.h" />
		<Unit filename="../sumpit/src/main/cpp/sumppitinputs.cpp" />
		<Unit filename="../sumpit/src/main/cpp/sumppitinputs.h" />
		<Unit filename="../sumpit/src/main/cpp/sumppitnode.cpp" />
		<Unit filename="../sumpit/src/main/cpp/sumppitnode.h" />
		<Unit filename="../sumpit/src/main/cpp/sumppitsensor.cpp" />
		<Unit filename="../sumpit/src/main/cpp/sumppitsensor.h" />
		<Unit filename="../sumpit/src/main/cpp/systemtime.cpp" />
		<Unit filename="../sumpit/src/main/cpp/systemtime.h" />
		<Unit filename="../sumpit/src/main/cpp/voltagesensor.cpp" />
		<Unit filename="../sumpit/src/main/cpp/voltagesensor.h" />
		<Unit filename="../sumpit/src/main/cpp/waterlevelsensor.cpp" />
		<Unit filename="../sumpit/src/main/cpp/waterlevelsensor.h" />
		<Unit filename="../sumpit_test/include/test_multipump_unit.h" />
		<Unit filename="../sumpit_test/include/test_normaloperation.h" />
		<Unit filename="../sumpit_test/include/test_pump_failure_functional.h" />
		<Unit filename="../sumpit_test/include/test_pump_functional.h" />
		<Unit filename="../sumpit_test/include/test_pump_unit.h" />
		<Unit filename="../sumpit_test/include/testbase.h" />
		<Unit filename="../sumpit_test/include/testmain.h" />
		<Unit filename="../sumpit_test/src/debug_util.cpp" />
		<Unit filename="../sumpit_test/src/debug_util.h" />
		<Unit filename="../sumpit_test/src/stubs.cpp" />
		<Unit filename="../sumpit_test/src/test_multipump_unit.cpp" />
		<Unit filename="../sumpit_test/src/test_normaloperation.cpp" />
		<Unit filename="../sumpit_test/src/test_pump_failure_functional.cpp" />
		<Unit filename="../sumpit_test/src/test_pump_functional.cpp" />
		<Unit filename="../sumpit_test/src/test_pump_unit.cpp" />
		<Unit filename="../sumpit_test/src/testbase.cpp" />
		<Unit filename="../sumpit_test/src/testmain.cpp" />
		<Extensions>
			<code_completion />
			<envvars />
			<debugger />
		</Extensions>
	</Project>
</CodeBlocks_project_file>
